
Microsoft Visual Studio Solution File, Format Version 12.00
# Visual Studio Version 17
VisualStudioVersion = 17.7.34202.233
MinimumVisualStudioVersion = 10.0.40219.1
Project("{FAE04EC0-301F-11D3-BF4B-00C04F79EFBC}") = "YoungSlangBot", "YoungSlangBot\YoungSlangBot.csproj", "{AC33B93E-2E33-4051-BFB9-89473FA7A150}"
EndProject
Global
	GlobalSection(SolutionConfigurationPlatforms) = preSolution
		Debug|Any CPU = Debug|Any CPU
		Release|Any CPU = Release|Any CPU
	EndGlobalSection
	GlobalSection(ProjectConfigurationPlatforms) = postSolution
		{AC33B93E-2E33-4051-BFB9-89473FA7A150}.Debug|Any CPU.ActiveCfg = Debug|Any CPU
		{AC33B93E-2E33-4051-BFB9-89473FA7A150}.Debug|Any CPU.Build.0 = Debug|Any CPU
		{AC33B93E-2E33-4051-BFB9-89473FA7A150}.Release|Any CPU.ActiveCfg = Release|Any CPU
		{AC33B93E-2E33-4051-BFB9-89473FA7A150}.Release|Any CPU.Build.0 = Release|Any CPU
	EndGlobalSection
	GlobalSection(SolutionProperties) = preSolution
		HideSolutionNode = FALSE
	EndGlobalSection
	GlobalSection(ExtensibilityGlobals) = postSolution
		SolutionGuid = {97BDEE51-41E1-4423-ACC1-FCC59D3AE16B}
	EndGlobalSection
EndGlobal
